// !$*UTF8*$!
{
	archiveVersion = 1;
	classes = {
	};
	objectVersion = 50;
	objects = {

/* Begin PBXBuildFile section */
		D8254769212716E9005EC38E /* AppDelegate.swift in Sources */ = {isa = PBXBuildFile; fileRef = D8254768212716E9005EC38E /* AppDelegate.swift */; };
		D825476B212716E9005EC38E /* ViewController.swift in Sources */ = {isa = PBXBuildFile; fileRef = D825476A212716E9005EC38E /* ViewController.swift */; };
		D825476E212716E9005EC38E /* Main.storyboard in Resources */ = {isa = PBXBuildFile; fileRef = D825476C212716E9005EC38E /* Main.storyboard */; };
		D8254770212716EB005EC38E /* Assets.xcassets in Resources */ = {isa = PBXBuildFile; fileRef = D825476F212716EB005EC38E /* Assets.xcassets */; };
		D8254773212716EB005EC38E /* LaunchScreen.storyboard in Resources */ = {isa = PBXBuildFile; fileRef = D8254771212716EB005EC38E /* LaunchScreen.storyboard */; };
		D825477B2127395F005EC38E /* LayoutGuides.storyboard in Resources */ = {isa = PBXBuildFile; fileRef = D825477A2127395F005EC38E /* LayoutGuides.storyboard */; };
		D89093282127701100DDFB91 /* View.xib in Resources */ = {isa = PBXBuildFile; fileRef = D89093272127701100DDFB91 /* View.xib */; };
/* End PBXBuildFile section */

/* Begin PBXFileReference section */
		D8254765212716E9005EC38E /* SpringsAndStruts.app */ = {isa = PBXFileReference; explicitFileType = wrapper.application; includeInIndex = 0; path = SpringsAndStruts.app; sourceTree = BUILT_PRODUCTS_DIR; };
		D8254768212716E9005EC38E /* AppDelegate.swift */ = {isa = PBXFileReference; lastKnownFileType = sourcecode.swift; path = AppDelegate.swift; sourceTree = "<group>"; };
		D825476A212716E9005EC38E /* ViewController.swift */ = {isa = PBXFileReference; lastKnownFileType = sourcecode.swift; path = ViewController.swift; sourceTree = "<group>"; };
		D825476D212716E9005EC38E /* Base */ = {isa = PBXFileReference; lastKnownFileType = file.storyboard; name = Base; path = Base.lproj/Main.storyboard; sourceTree = "<group>"; };
		D825476F212716EB005EC38E /* Assets.xcassets */ = {isa = PBXFileReference; lastKnownFileType = folder.assetcatalog; path = Assets.xcassets; sourceTree = "<group>"; };
		D8254772212716EB005EC38E /* Base */ = {isa = PBXFileReference; lastKnownFileType = file.storyboard; name = Base; path = Base.lproj/LaunchScreen.storyboard; sourceTree = "<group>"; };
		D8254774212716EB005EC38E /* Info.plist */ = {isa = PBXFileReference; lastKnownFileType = text.plist.xml; path = Info.plist; sourceTree = "<group>"; };
		D825477A2127395F005EC38E /* LayoutGuides.storyboard */ = {isa = PBXFileReference; lastKnownFileType = file.storyboard; path = LayoutGuides.storyboard; sourceTree = "<group>"; };
		D89093272127701100DDFB91 /* View.xib */ = {isa = PBXFileReference; lastKnownFileType = file.xib; path = View.xib; sourceTree = "<group>"; };
/* End PBXFileReference section */

/* Begin PBXFrameworksBuildPhase section */
		D8254762212716E9005EC38E /* Frameworks */ = {
			isa = PBXFrameworksBuildPhase;
			buildActionMask = 2147483647;
			files = (
			);
			runOnlyForDeploymentPostprocessing = 0;
		};
/* End PBXFrameworksBuildPhase section */

/* Begin PBXGroup section */
		D825475C212716E9005EC38E = {
			isa = PBXGroup;
			children = (
				D8254767212716E9005EC38E /* SpringsAndStruts */,
				D8254766212716E9005EC38E /* Products */,
			);
			sourceTree = "<group>";
		};
		D8254766212716E9005EC38E /* Products */ = {
			isa = PBXGroup;
			children = (
				D8254765212716E9005EC38E /* SpringsAndStruts.app */,
			);
			name = Products;
			sourceTree = "<group>";
		};
		D8254767212716E9005EC38E /* SpringsAndStruts */ = {
			isa = PBXGroup;
			children = (
				D8254768212716E9005EC38E /* AppDelegate.swift */,
				D825476A212716E9005EC38E /* ViewController.swift */,
				D825476C212716E9005EC38E /* Main.storyboard */,
				D825477A2127395F005EC38E /* LayoutGuides.storyboard */,
				D825476F212716EB005EC38E /* Assets.xcassets */,
				D8254771212716EB005EC38E /* LaunchScreen.storyboard */,
				D8254774212716EB005EC38E /* Info.plist */,
				D89093272127701100DDFB91 /* View.xib */,
			);
			path = SpringsAndStruts;
			sourceTree = "<group>";
		};
/* End PBXGroup section */

/* Begin PBXNativeTarget section */
		D8254764212716E9005EC38E /* SpringsAndStruts */ = {
			isa = PBXNativeTarget;
			buildConfigurationList = D8254777212716EB005EC38E /* Build configuration list for PBXNativeTarget "SpringsAndStruts" */;
			buildPhases = (
				D8254761212716E9005EC38E /* Sources */,
				D8254762212716E9005EC38E /* Frameworks */,
				D8254763212716E9005EC38E /* Resources */,
			);
			buildRules = (
			);
			dependencies = (
			);
			name = SpringsAndStruts;
			productName = SpringsAndStruts;
			productReference = D8254765212716E9005EC38E /* SpringsAndStruts.app */;
			productType = "com.apple.product-type.application";
		};
/* End PBXNativeTarget section */

/* Begin PBXProject section */
		D825475D212716E9005EC38E /* Project object */ = {
			isa = PBXProject;
			attributes = {
				LastSwiftUpdateCheck = 0940;
				LastUpgradeCheck = 0940;
				ORGANIZATIONNAME = "Nathan Gross";
				TargetAttributes = {
					D8254764212716E9005EC38E = {
						CreatedOnToolsVersion = 9.4.1;
					};
				};
			};
			buildConfigurationList = D8254760212716E9005EC38E /* Build configuration list for PBXProject "SpringsAndStruts" */;
			compatibilityVersion = "Xcode 9.3";
			developmentRegion = en;
			hasScannedForEncodings = 0;
			knownRegions = (
				en,
				Base,
			);
			mainGroup = D825475C212716E9005EC38E;
			productRefGroup = D8254766212716E9005EC38E /* Products */;
			projectDirPath = "";
			projectRoot = "";
			targets = (
				D8254764212716E9005EC38E /* SpringsAndStruts */,
			);
		};
/* End PBXProject section */

/* Begin PBXResourcesBuildPhase section */
		D8254763212716E9005EC38E /* Resources */ = {
			isa = PBXResourcesBuildPhase;
			buildActionMask = 2147483647;
			files = (
				D8254773212716EB005EC38E /* LaunchScreen.storyboard in Resources */,
				D89093282127701100DDFB91 /* View.xib in Resources */,
				D825477B2127395F005EC38E /* LayoutGuides.storyboard in Resources */,
				D8254770212716EB005EC38E /* Assets.xcassets in Resources */,
				D825476E212716E9005EC38E /* Main.storyboard in Resources */,
			);
			runOnlyForDeploymentPostprocessing = 0;
		};
/* End PBXResourcesBuildPhase section */

/* Begin PBXSourcesBuildPhase section */
		D8254761212716E9005EC38E /* Sources */ = {
			isa = PBXSourcesBuildPhase;
			buildActionMask = 2147483647;
			files = (
				D825476B212716E9005EC38E /* ViewController.swift in Sources */,
				D8254769212716E9005EC38E /* AppDelegate.swift in Sources */,
			);
			runOnlyForDeploymentPostprocessing = 0;
		};
/* End PBXSourcesBuildPhase section */

/* Begin PBXVariantGroup section */
		D825476C212716E9005EC38E /* Main.storyboard */ = {
			isa = PBXVariantGroup;
			children = (
				D825476D212716E9005EC38E /* Base */,
			);
			name = Main.storyboard;
			sourceTree = "<group>";
		};
		D8254771212716EB005EC38E /* LaunchScreen.storyboard */ = {
			isa = PBXVariantGroup;
			children = (
				D8254772212716EB005EC38E /* Base */,
			);
			name = LaunchScreen.storyboard;
			sourceTree = "<group>";
		};
/* End PBXVariantGroup section */

/* Begin XCBuildConfiguration section */
		D8254775212716EB005EC38E /* Debug */ = {
			isa = XCBuildConfiguration;
			buildSettings = {
				ALWAYS_SEARCH_USER_PATHS = NO;
				CLANG_ANALYZER_NONNULL = YES;
				CLANG_ANALYZER_NUMBER_OBJECT_CONVERSION = YES_AGGRESSIVE;
				CLANG_CXX_LANGUAGE_STANDARD = "gnu++14";
				CLANG_CXX_LIBRARY = "libc++";
				CLANG_ENABLE_MODULES = YES;
				CLANG_ENABLE_OBJC_ARC = YES;
				CLANG_ENABLE_OBJC_WEAK = YES;
				CLANG_WARN_BLOCK_CAPTURE_AUTORELEASING = YES;
				CLANG_WARN_BOOL_CONVERSION = YES;
				CLANG_WARN_COMMA = YES;
				CLANG_WARN_CONSTANT_CONVERSION = YES;
				CLANG_WARN_DEPRECATED_OBJC_IMPLEMENTATIONS = YES;
				CLANG_WARN_DIRECT_OBJC_ISA_USAGE = YES_ERROR;
				CLANG_WARN_DOCUMENTATION_COMMENTS = YES;
				CLANG_WARN_EMPTY_BODY = YES;
				CLANG_WARN_ENUM_CONVERSION = YES;
				CLANG_WARN_INFINITE_RECURSION = YES;
				CLANG_WARN_INT_CONVERSION = YES;
				CLANG_WARN_NON_LITERAL_NULL_CONVERSION = YES;
				CLANG_WARN_OBJC_IMPLICIT_RETAIN_SELF = YES;
				CLANG_WARN_OBJC_LITERAL_CONVERSION = YES;
				CLANG_WARN_OBJC_ROOT_CLASS = YES_ERROR;
				CLANG_WARN_RANGE_LOOP_ANALYSIS = YES;
				CLANG_WARN_STRICT_PROTOTYPES = YES;
				CLANG_WARN_SUSPICIOUS_MOVE = YES;
				CLANG_WARN_UNGUARDED_AVAILABILITY = YES_AGGRESSIVE;
				CLANG_WARN_UNREACHABLE_CODE = YES;
				CLANG_WARN__DUPLICATE_METHOD_MATCH = YES;
				CODE_SIGN_IDENTITY = "iPhone Developer";
				COPY_PHASE_STRIP = NO;
				DEBUG_INFORMATION_FORMAT = dwarf;
				ENABLE_STRICT_OBJC_MSGSEND = YES;
				ENABLE_TESTABILITY = YES;
				GCC_C_LANGUAGE_STANDARD = gnu11;
				GCC_DYNAMIC_NO_PIC = NO;
				GCC_NO_COMMON_BLOCKS = YES;
				GCC_OPTIMIZATION_LEVEL = 0;
				GCC_PREPROCESSOR_DEFINITIONS = (
					"DEBUG=1",
					"$(inherited)",
				);
				GCC_WARN_64_TO_32_BIT_CONVERSION = YES;
				GCC_WARN_ABOUT_RETURN_TYPE = YES_ERROR;
				GCC_WARN_UNDECLARED_SELECTOR = YES;
				GCC_WARN_UNINITIALIZED_AUTOS = YES_AGGRESSIVE;
				GCC_WARN_UNUSED_FUNCTION = YES;
				GCC_WARN_UNUSED_VARIABLE = YES;
				IPHONEOS_DEPLOYMENT_TARGET = 11.4;
				MTL_ENABLE_DEBUG_INFO = YES;
				ONLY_ACTIVE_ARCH = YES;
				SDKROOT = iphoneos;
				SWIFT_ACTIVE_COMPILATION_CONDITIONS = DEBUG;
				SWIFT_OPTIMIZATION_LEVEL = "-Onone";
			};
			name = Debug;
		};
		D8254776212716EB005EC38E /* Release */ = {
			isa = XCBuildConfiguration;
			buildSettings = {
				ALWAYS_SEARCH_USER_PATHS = NO;
				CLANG_ANALYZER_NONNULL = YES;
				CLANG_ANALYZER_NUMBER_OBJECT_CONVERSION = YES_AGGRESSIVE;
				CLANG_CXX_LANGUAGE_STANDARD = "gnu++14";
				CLANG_CXX_LIBRARY = "libc++";
				CLANG_ENABLE_MODULES = YES;
				CLANG_ENABLE_OBJC_ARC = YES;
				CLANG_ENABLE_OBJC_WEAK = YES;
				CLANG_WARN_BLOCK_CAPTURE_AUTORELEASING = YES;
				CLANG_WARN_BOOL_CONVERSION = YES;
				CLANG_WARN_COMMA = YES;
				CLANG_WARN_CONSTANT_CONVERSION = YES;
				CLANG_WARN_DEPRECATED_OBJC_IMPLEMENTATIONS = YES;
				CLANG_WARN_DIRECT_OBJC_ISA_USAGE = YES_ERROR;
				CLANG_WARN_DOCUMENTATION_COMMENTS = YES;
				CLANG_WARN_EMPTY_BODY = YES;
				CLANG_WARN_ENUM_CONVERSION = YES;
				CLANG_WARN_INFINITE_RECURSION = YES;
				CLANG_WARN_INT_CONVERSION = YES;
				CLANG_WARN_NON_LITERAL_NULL_CONVERSION = YES;
				CLANG_WARN_OBJC_IMPLICIT_RETAIN_SELF = YES;
				CLANG_WARN_OBJC_LITERAL_CONVERSION = YES;
				CLANG_WARN_OBJC_ROOT_CLASS = YES_ERROR;
				CLANG_WARN_RANGE_LOOP_ANALYSIS = YES;
				CLANG_WARN_STRICT_PROTOTYPES = YES;
				CLANG_WARN_SUSPICIOUS_MOVE = YES;
				CLANG_WARN_UNGUARDED_AVAILABILITY = YES_AGGRESSIVE;
				CLANG_WARN_UNREACHABLE_CODE = YES;
				CLANG_WARN__DUPLICATE_METHOD_MATCH = YES;
				CODE_SIGN_IDENTITY = "iPhone Developer";
				COPY_PHASE_STRIP = NO;
				DEBUG_INFORMATION_FORMAT = "dwarf-with-dsym";
				ENABLE_NS_ASSERTIONS = NO;
				ENABLE_STRICT_OBJC_MSGSEND = YES;
				GCC_C_LANGUAGE_STANDARD = gnu11;
				GCC_NO_COMMON_BLOCKS = YES;
				GCC_WARN_64_TO_32_BIT_CONVERSION = YES;
				GCC_WARN_ABOUT_RETURN_TYPE = YES_ERROR;
				GCC_WARN_UNDECLARED_SELECTOR = YES;
				GCC_WARN_UNINITIALIZED_AUTOS = YES_AGGRESSIVE;
				GCC_WARN_UNUSED_FUNCTION = YES;
				GCC_WARN_UNUSED_VARIABLE = YES;
				IPHONEOS_DEPLOYMENT_TARGET = 11.4;
				MTL_ENABLE_DEBUG_INFO = NO;
				SDKROOT = iphoneos;
				SWIFT_COMPILATION_MODE = wholemodule;
				SWIFT_OPTIMIZATION_LEVEL = "-O";
				VALIDATE_PRODUCT = YES;
			};
			name = Release;
		};
		D8254778212716EB005EC38E /* Debug */ = {
			isa = XCBuildConfiguration;
			buildSettings = {
				ASSETCATALOG_COMPILER_APPICON_NAME = AppIcon;
				CODE_SIGN_STYLE = Automatic;
				DEVELOPMENT_TEAM = 9WH53RUP8Z;
				INFOPLIST_FILE = SpringsAndStruts/Info.plist;
				LD_RUNPATH_SEARCH_PATHS = (
					"$(inherited)",
					"@executable_path/Frameworks",
				);
				PRODUCT_BUNDLE_IDENTIFIER = net.nathangross.SpringsAndStruts;
				PRODUCT_NAME = "$(TARGET_NAME)";
				SWIFT_VERSION = 4.0;
				TARGETED_DEVICE_FAMILY = "1,2";
			};
			name = Debug;
		};
		D8254779212716EB005EC38E /* Release */ = {
			isa = XCBuildConfiguration;
			buildSettings = {
				ASSETCATALOG_COMPILER_APPICON_NAME = AppIcon;
				CODE_SIGN_STYLE = Automatic;
				DEVELOPMENT_TEAM = 9WH53RUP8Z;
				INFOPLIST_FILE = SpringsAndStruts/Info.plist;
				LD_RUNPATH_SEARCH_PATHS = (
					"$(inherited)",
					"@executable_path/Frameworks",
				);
				PRODUCT_BUNDLE_IDENTIFIER = net.nathangross.SpringsAndStruts;
				PRODUCT_NAME = "$(TARGET_NAME)";
				SWIFT_VERSION = 4.0;
				TARGETED_DEVICE_FAMILY = "1,2";
			};
			name = Release;
		};
/* End XCBuildConfiguration section */

/* Begin XCConfigurationList section */
		D8254760212716E9005EC38E /* Build configuration list for PBXProject "SpringsAndStruts" */ = {
			isa = XCConfigurationList;
			buildConfigurations = (
				D8254775212716EB005EC38E /* Debug */,
				D8254776212716EB005EC38E /* Release */,
			);
			defaultConfigurationIsVisible = 0;
			defaultConfigurationName = Release;
		};
		D8254777212716EB005EC38E /* Build configuration list for PBXNativeTarget "SpringsAndStruts" */ = {
			isa = XCConfigurationList;
			buildConfigurations = (
				D8254778212716EB005EC38E /* Debug */,
				D8254779212716EB005EC38E /* Release */,
			);
			defaultConfigurationIsVisible = 0;
			defaultConfigurationName = Release;
		};
/* End XCConfigurationList section */
	};
	rootObject = D825475D212716E9005EC38E /* Project object */;
}
